// !$*UTF8*$!
{
	archiveVersion = 1;
	classes = {
	};
	objectVersion = 77;
	objects = {

/* Begin PBXContainerItemProxy section */
		A50C02392EFC412E0018B572 /* PBXContainerItemProxy */ = {
			isa = PBXContainerItemProxy;
			containerPortal = A50C02202EFC412D0018B572 /* Project object */;
			proxyType = 1;
			remoteGlobalIDString = A50C02272EFC412D0018B572;
			remoteInfo = HeartbeatApp;
		};
		A50C02432EFC412E0018B572 /* PBXContainerItemProxy */ = {
			isa = PBXContainerItemProxy;
			containerPortal = A50C02202EFC412D0018B572 /* Project object */;
			proxyType = 1;
			remoteGlobalIDString = A50C02272EFC412D0018B572;
			remoteInfo = HeartbeatApp;
		};
/* End PBXContainerItemProxy section */

/* Begin PBXFileReference section */
		A50C02282EFC412D0018B572 /* HeartbeatApp.app */ = {isa = PBXFileReference; explicitFileType = wrapper.application; includeInIndex = 0; path = HeartbeatApp.app; sourceTree = BUILT_PRODUCTS_DIR; };
		A50C02382EFC412E0018B572 /* HeartbeatAppTests.xctest */ = {isa = PBXFileReference; explicitFileType = wrapper.cfbundle; includeInIndex = 0; path = HeartbeatAppTests.xctest; sourceTree = BUILT_PRODUCTS_DIR; };
		A50C02422EFC412E0018B572 /* HeartbeatAppUITests.xctest */ = {isa = PBXFileReference; explicitFileType = wrapper.cfbundle; includeInIndex = 0; path = HeartbeatAppUITests.xctest; sourceTree = BUILT_PRODUCTS_DIR; };
/* End PBXFileReference section */

/* Begin PBXFileSystemSynchronizedRootGroup section */
		A50C022A2EFC412D0018B572 /* HeartbeatApp */ = {
			isa = PBXFileSystemSynchronizedRootGroup;
			path = HeartbeatApp;
			sourceTree = "<group>";
		};
		A50C023B2EFC412E0018B572 /* HeartbeatAppTests */ = {
			isa = PBXFileSystemSynchronizedRootGroup;
			path = HeartbeatAppTests;
			sourceTree = "<group>";
		};
		A50C02452EFC412E0018B572 /* HeartbeatAppUITests */ = {
			isa = PBXFileSystemSynchronizedRootGroup;
			path = HeartbeatAppUITests;
			sourceTree = "<group>";
		};
/* End PBXFileSystemSynchronizedRootGroup section */

/* Begin PBXFrameworksBuildPhase section */
		A50C02252EFC412D0018B572 /* Frameworks */ = {
			isa = PBXFrameworksBuildPhase;
			buildActionMask = 2147483647;
			files = (
			);
			runOnlyForDeploymentPostprocessing = 0;
		};
		A50C02352EFC412E0018B572 /* Frameworks */ = {
			isa = PBXFrameworksBuildPhase;
			buildActionMask = 2147483647;
			files = (
			);
			runOnlyForDeploymentPostprocessing = 0;
		};
		A50C023F2EFC412E0018B572 /* Frameworks */ = {
			isa = PBXFrameworksBuildPhase;
			buildActionMask = 2147483647;
			files = (
			);
			runOnlyForDeploymentPostprocessing = 0;
		};
/* End PBXFrameworksBuildPhase section */

/* Begin PBXGroup section */
		A50C021F2EFC412D0018B572 = {
			isa = PBXGroup;
			children = (
				A50C022A2EFC412D0018B572 /* HeartbeatApp */,
				A50C023B2EFC412E0018B572 /* HeartbeatAppTests */,
				A50C02452EFC412E0018B572 /* HeartbeatAppUITests */,
				A50C02292EFC412D0018B572 /* Products */,
			);
			sourceTree = "<group>";
		};
		A50C02292EFC412D0018B572 /* Products */ = {
			isa = PBXGroup;
			children = (
				A50C02282EFC412D0018B572 /* HeartbeatApp.app */,
				A50C02382EFC412E0018B572 /* HeartbeatAppTests.xctest */,
				A50C02422EFC412E0018B572 /* HeartbeatAppUITests.xctest */,
			);
			name = Products;
			sourceTree = "<group>";
		};
/* End PBXGroup section */

/* Begin PBXNativeTarget section */
		A50C02272EFC412D0018B572 /* HeartbeatApp */ = {
			isa = PBXNativeTarget;
			buildConfigurationList = A50C024C2EFC412E0018B572 /* Build configuration list for PBXNativeTarget "HeartbeatApp" */;
			buildPhases = (
				A50C02242EFC412D0018B572 /* Sources */,
				A50C02252EFC412D0018B572 /* Frameworks */,
				A50C02262EFC412D0018B572 /* Resources */,
			);
			buildRules = (
			);
			dependencies = (
			);
			fileSystemSynchronizedGroups = (
				A50C022A2EFC412D0018B572 /* HeartbeatApp */,
			);
			name = HeartbeatApp;
			packageProductDependencies = (
			);
			productName = HeartbeatApp;
			productReference = A50C02282EFC412D0018B572 /* HeartbeatApp.app */;
			productType = "com.apple.product-type.application";
		};
		A50C02372EFC412E0018B572 /* HeartbeatAppTests */ = {
			isa = PBXNativeTarget;
			buildConfigurationList = A50C024F2EFC412E0018B572 /* Build configuration list for PBXNativeTarget "HeartbeatAppTests" */;
			buildPhases = (
				A50C02342EFC412E0018B572 /* Sources */,
				A50C02352EFC412E0018B572 /* Frameworks */,
				A50C02362EFC412E0018B572 /* Resources */,
			);
			buildRules = (
			);
			dependencies = (
				A50C023A2EFC412E0018B572 /* PBXTargetDependency */,
			);
			fileSystemSynchronizedGroups = (
				A50C023B2EFC412E0018B572 /* HeartbeatAppTests */,
			);
			name = HeartbeatAppTests;
			packageProductDependencies = (
			);
			productName = HeartbeatAppTests;
			productReference = A50C02382EFC412E0018B572 /* HeartbeatAppTests.xctest */;
			productType = "com.apple.product-type.bundle.unit-test";
		};
		A50C02412EFC412E0018B572 /* HeartbeatAppUITests */ = {
			isa = PBXNativeTarget;
			buildConfigurationList = A50C02522EFC412E0018B572 /* Build configuration list for PBXNativeTarget "HeartbeatAppUITests" */;
			buildPhases = (
				A50C023E2EFC412E0018B572 /* Sources */,
				A50C023F2EFC412E0018B572 /* Frameworks */,
				A50C02402EFC412E0018B572 /* Resources */,
			);
			buildRules = (
			);
			dependencies = (
				A50C02442EFC412E0018B572 /* PBXTargetDependency */,
			);
			fileSystemSynchronizedGroups = (
				A50C02452EFC412E0018B572 /* HeartbeatAppUITests */,
			);
			name = HeartbeatAppUITests;
			packageProductDependencies = (
			);
			productName = HeartbeatAppUITests;
			productReference = A50C02422EFC412E0018B572 /* HeartbeatAppUITests.xctest */;
			productType = "com.apple.product-type.bundle.ui-testing";
		};
/* End PBXNativeTarget section */

/* Begin PBXProject section */
		A50C02202EFC412D0018B572 /* Project object */ = {
			isa = PBXProject;
			attributes = {
				BuildIndependentTargetsInParallel = 1;
				LastSwiftUpdateCheck = 1620;
				LastUpgradeCheck = 1620;
				TargetAttributes = {
					A50C02272EFC412D0018B572 = {
						CreatedOnToolsVersion = 16.2;
					};
					A50C02372EFC412E0018B572 = {
						CreatedOnToolsVersion = 16.2;
						TestTargetID = A50C02272EFC412D0018B572;
					};
					A50C02412EFC412E0018B572 = {
						CreatedOnToolsVersion = 16.2;
						TestTargetID = A50C02272EFC412D0018B572;
					};
				};
			};
			buildConfigurationList = A50C02232EFC412D0018B572 /* Build configuration list for PBXProject "HeartbeatApp" */;
			developmentRegion = en;
			hasScannedForEncodings = 0;
			knownRegions = (
				en,
				Base,
			);
			mainGroup = A50C021F2EFC412D0018B572;
			minimizedProjectReferenceProxies = 1;
			preferredProjectObjectVersion = 77;
			productRefGroup = A50C02292EFC412D0018B572 /* Products */;
			projectDirPath = "";
			projectRoot = "";
			targets = (
				A50C02272EFC412D0018B572 /* HeartbeatApp */,
				A50C02372EFC412E0018B572 /* HeartbeatAppTests */,
				A50C02412EFC412E0018B572 /* HeartbeatAppUITests */,
			);
		};
/* End PBXProject section */

/* Begin PBXResourcesBuildPhase section */
		A50C02262EFC412D0018B572 /* Resources */ = {
			isa = PBXResourcesBuildPhase;
			buildActionMask = 2147483647;
			files = (
			);
			runOnlyForDeploymentPostprocessing = 0;
		};
		A50C02362EFC412E0018B572 /* Resources */ = {
			isa = PBXResourcesBuildPhase;
			buildActionMask = 2147483647;
			files = (
			);
			runOnlyForDeploymentPostprocessing = 0;
		};
		A50C02402EFC412E0018B572 /* Resources */ = {
			isa = PBXResourcesBuildPhase;
			buildActionMask = 2147483647;
			files = (
			);
			runOnlyForDeploymentPostprocessing = 0;
		};
/* End PBXResourcesBuildPhase section */

/* Begin PBXSourcesBuildPhase section */
		A50C02242EFC412D0018B572 /* Sources */ = {
			isa = PBXSourcesBuildPhase;
			buildActionMask = 2147483647;
			files = (
			);
			runOnlyForDeploymentPostprocessing = 0;
		};
		A50C02342EFC412E0018B572 /* Sources */ = {
			isa = PBXSourcesBuildPhase;
			buildActionMask = 2147483647;
			files = (
			);
			runOnlyForDeploymentPostprocessing = 0;
		};
		A50C023E2EFC412E0018B572 /* Sources */ = {
			isa = PBXSourcesBuildPhase;
			buildActionMask = 2147483647;
			files = (
			);
			runOnlyForDeploymentPostprocessing = 0;
		};
/* End PBXSourcesBuildPhase section */

/* Begin PBXTargetDependency section */
		A50C023A2EFC412E0018B572 /* PBXTargetDependency */ = {
			isa = PBXTargetDependency;
			target = A50C02272EFC412D0018B572 /* HeartbeatApp */;
			targetProxy = A50C02392EFC412E0018B572 /* PBXContainerItemProxy */;
		};
		A50C02442EFC412E0018B572 /* PBXTargetDependency */ = {
			isa = PBXTargetDependency;
			target = A50C02272EFC412D0018B572 /* HeartbeatApp */;
			targetProxy = A50C02432EFC412E0018B572 /* PBXContainerItemProxy */;
		};
/* End PBXTargetDependency section */

/* Begin XCBuildConfiguration section */
		A50C024A2EFC412E0018B572 /* Debug */ = {
			isa = XCBuildConfiguration;
			buildSettings = {
				ALWAYS_SEARCH_USER_PATHS = NO;
				ASSETCATALOG_COMPILER_GENERATE_SWIFT_ASSET_SYMBOL_EXTENSIONS = YES;
				CLANG_ANALYZER_NONNULL = YES;
				CLANG_ANALYZER_NUMBER_OBJECT_CONVERSION = YES_AGGRESSIVE;
				CLANG_CXX_LANGUAGE_STANDARD = "gnu++20";
				CLANG_ENABLE_MODULES = YES;
				CLANG_ENABLE_OBJC_ARC = YES;
				CLANG_ENABLE_OBJC_WEAK = YES;
				CLANG_WARN_BLOCK_CAPTURE_AUTORELEASING = YES;
				CLANG_WARN_BOOL_CONVERSION = YES;
				CLANG_WARN_COMMA = YES;
				CLANG_WARN_CONSTANT_CONVERSION = YES;
				CLANG_WARN_DEPRECATED_OBJC_IMPLEMENTATIONS = YES;
				CLANG_WARN_DIRECT_OBJC_ISA_USAGE = YES_ERROR;
				CLANG_WARN_DOCUMENTATION_COMMENTS = YES;
				CLANG_WARN_EMPTY_BODY = YES;
				CLANG_WARN_ENUM_CONVERSION = YES;
				CLANG_WARN_INFINITE_RECURSION = YES;
				CLANG_WARN_INT_CONVERSION = YES;
				CLANG_WARN_NON_LITERAL_NULL_CONVERSION = YES;
				CLANG_WARN_OBJC_IMPLICIT_RETAIN_SELF = YES;
				CLANG_WARN_OBJC_LITERAL_CONVERSION = YES;
				CLANG_WARN_OBJC_ROOT_CLASS = YES_ERROR;
				CLANG_WARN_QUOTED_INCLUDE_IN_FRAMEWORK_HEADER = YES;
				CLANG_WARN_RANGE_LOOP_ANALYSIS = YES;
				CLANG_WARN_STRICT_PROTOTYPES = YES;
				CLANG_WARN_SUSPICIOUS_MOVE = YES;
				CLANG_WARN_UNGUARDED_AVAILABILITY = YES_AGGRESSIVE;
				CLANG_WARN_UNREACHABLE_CODE = YES;
				CLANG_WARN__DUPLICATE_METHOD_MATCH = YES;
				COPY_PHASE_STRIP = NO;
				DEBUG_INFORMATION_FORMAT = dwarf;
				ENABLE_STRICT_OBJC_MSGSEND = YES;
				ENABLE_TESTABILITY = YES;
				ENABLE_USER_SCRIPT_SANDBOXING = YES;
				GCC_C_LANGUAGE_STANDARD = gnu17;
				GCC_DYNAMIC_NO_PIC = NO;
				GCC_NO_COMMON_BLOCKS = YES;
				GCC_OPTIMIZATION_LEVEL = 0;
				GCC_PREPROCESSOR_DEFINITIONS = (
					"DEBUG=1",
					"$(inherited)",
				);
				GCC_WARN_64_TO_32_BIT_CONVERSION = YES;
				GCC_WARN_ABOUT_RETURN_TYPE = YES_ERROR;
				GCC_WARN_UNDECLARED_SELECTOR = YES;
				GCC_WARN_UNINITIALIZED_AUTOS = YES_AGGRESSIVE;
				GCC_WARN_UNUSED_FUNCTION = YES;
				GCC_WARN_UNUSED_VARIABLE = YES;
				IPHONEOS_DEPLOYMENT_TARGET = 18.2;
				LOCALIZATION_PREFERS_STRING_CATALOGS = YES;
				MTL_ENABLE_DEBUG_INFO = INCLUDE_SOURCE;
				MTL_FAST_MATH = YES;
				ONLY_ACTIVE_ARCH = YES;
				SDKROOT = iphoneos;
				SWIFT_ACTIVE_COMPILATION_CONDITIONS = "DEBUG $(inherited)";
				SWIFT_OPTIMIZATION_LEVEL = "-Onone";
			};
			name = Debug;
		};
		A50C024B2EFC412E0018B572 /* Release */ = {
			isa = XCBuildConfiguration;
			buildSettings = {
				ALWAYS_SEARCH_USER_PATHS = NO;
				ASSETCATALOG_COMPILER_GENERATE_SWIFT_ASSET_SYMBOL_EXTENSIONS = YES;
				CLANG_ANALYZER_NONNULL = YES;
				CLANG_ANALYZER_NUMBER_OBJECT_CONVERSION = YES_AGGRESSIVE;
				CLANG_CXX_LANGUAGE_STANDARD = "gnu++20";
				CLANG_ENABLE_MODULES = YES;
				CLANG_ENABLE_OBJC_ARC = YES;
				CLANG_ENABLE_OBJC_WEAK = YES;
				CLANG_WARN_BLOCK_CAPTURE_AUTORELEASING = YES;
				CLANG_WARN_BOOL_CONVERSION = YES;
				CLANG_WARN_COMMA = YES;
				CLANG_WARN_CONSTANT_CONVERSION = YES;
				CLANG_WARN_DEPRECATED_OBJC_IMPLEMENTATIONS = YES;
				CLANG_WARN_DIRECT_OBJC_ISA_USAGE = YES_ERROR;
				CLANG_WARN_DOCUMENTATION_COMMENTS = YES;
				CLANG_WARN_EMPTY_BODY = YES;
				CLANG_WARN_ENUM_CONVERSION = YES;
				CLANG_WARN_INFINITE_RECURSION = YES;
				CLANG_WARN_INT_CONVERSION = YES;
				CLANG_WARN_NON_LITERAL_NULL_CONVERSION = YES;
				CLANG_WARN_OBJC_IMPLICIT_RETAIN_SELF = YES;
				CLANG_WARN_OBJC_LITERAL_CONVERSION = YES;
				CLANG_WARN_OBJC_ROOT_CLASS = YES_ERROR;
				CLANG_WARN_QUOTED_INCLUDE_IN_FRAMEWORK_HEADER = YES;
				CLANG_WARN_RANGE_LOOP_ANALYSIS = YES;
				CLANG_WARN_STRICT_PROTOTYPES = YES;
				CLANG_WARN_SUSPICIOUS_MOVE = YES;
				CLANG_WARN_UNGUARDED_AVAILABILITY = YES_AGGRESSIVE;
				CLANG_WARN_UNREACHABLE_CODE = YES;
				CLANG_WARN__DUPLICATE_METHOD_MATCH = YES;
				COPY_PHASE_STRIP = NO;
				DEBUG_INFORMATION_FORMAT = "dwarf-with-dsym";
				ENABLE_NS_ASSERTIONS = NO;
				ENABLE_STRICT_OBJC_MSGSEND = YES;
				ENABLE_USER_SCRIPT_SANDBOXING = YES;
				GCC_C_LANGUAGE_STANDARD = gnu17;
				GCC_NO_COMMON_BLOCKS = YES;
				GCC_WARN_64_TO_32_BIT_CONVERSION = YES;
				GCC_WARN_ABOUT_RETURN_TYPE = YES_ERROR;
				GCC_WARN_UNDECLARED_SELECTOR = YES;
				GCC_WARN_UNINITIALIZED_AUTOS = YES_AGGRESSIVE;
				GCC_WARN_UNUSED_FUNCTION = YES;
				GCC_WARN_UNUSED_VARIABLE = YES;
				IPHONEOS_DEPLOYMENT_TARGET = 18.2;
				LOCALIZATION_PREFERS_STRING_CATALOGS = YES;
				MTL_ENABLE_DEBUG_INFO = NO;
				MTL_FAST_MATH = YES;
				SDKROOT = iphoneos;
				SWIFT_COMPILATION_MODE = wholemodule;
				VALIDATE_PRODUCT = YES;
			};
			name = Release;
		};
		A50C024D2EFC412E0018B572 /* Debug */ = {
			isa = XCBuildConfiguration;
			buildSettings = {
				ASSETCATALOG_COMPILER_APPICON_NAME = AppIcon;
				ASSETCATALOG_COMPILER_GLOBAL_ACCENT_COLOR_NAME = AccentColor;
				CODE_SIGN_STYLE = Automatic;
				CURRENT_PROJECT_VERSION = 1;
				DEVELOPMENT_ASSET_PATHS = "\"HeartbeatApp/Preview Content\"";
				DEVELOPMENT_TEAM = 5N2ALNP276;
				ENABLE_PREVIEWS = YES;
				GENERATE_INFOPLIST_FILE = YES;
				INFOPLIST_KEY_UIApplicationSceneManifest_Generation = YES;
				INFOPLIST_KEY_UIApplicationSupportsIndirectInputEvents = YES;
				INFOPLIST_KEY_UILaunchScreen_Generation = YES;
				INFOPLIST_KEY_UISupportedInterfaceOrientations_iPad = "UIInterfaceOrientationPortrait UIInterfaceOrientationPortraitUpsideDown UIInterfaceOrientationLandscapeLeft UIInterfaceOrientationLandscapeRight";
				INFOPLIST_KEY_UISupportedInterfaceOrientations_iPhone = "UIInterfaceOrientationPortrait UIInterfaceOrientationLandscapeLeft UIInterfaceOrientationLandscapeRight";
				LD_RUNPATH_SEARCH_PATHS = (
					"$(inherited)",
					"@executable_path/Frameworks",
				);
				MARKETING_VERSION = 1.0;
				PRODUCT_BUNDLE_IDENTIFIER = com.runnerclub.HeartbeatApp;
				PRODUCT_NAME = "$(TARGET_NAME)";
				SWIFT_EMIT_LOC_STRINGS = YES;
				SWIFT_VERSION = 5.0;
				TARGETED_DEVICE_FAMILY = "1,2";
			};
			name = Debug;
		};
		A50C024E2EFC412E0018B572 /* Release */ = {
			isa = XCBuildConfiguration;
			buildSettings = {
				ASSETCATALOG_COMPILER_APPICON_NAME = AppIcon;
				ASSETCATALOG_COMPILER_GLOBAL_ACCENT_COLOR_NAME = AccentColor;
				CODE_SIGN_STYLE = Automatic;
				CURRENT_PROJECT_VERSION = 1;
				DEVELOPMENT_ASSET_PATHS = "\"HeartbeatApp/Preview Content\"";
				DEVELOPMENT_TEAM = 5N2ALNP276;
				ENABLE_PREVIEWS = YES;
				GENERATE_INFOPLIST_FILE = YES;
				INFOPLIST_KEY_UIApplicationSceneManifest_Generation = YES;
				INFOPLIST_KEY_UIApplicationSupportsIndirectInputEvents = YES;
				INFOPLIST_KEY_UILaunchScreen_Generation = YES;
				INFOPLIST_KEY_UISupportedInterfaceOrientations_iPad = "UIInterfaceOrientationPortrait UIInterfaceOrientationPortraitUpsideDown UIInterfaceOrientationLandscapeLeft UIInterfaceOrientationLandscapeRight";
				INFOPLIST_KEY_UISupportedInterfaceOrientations_iPhone = "UIInterfaceOrientationPortrait UIInterfaceOrientationLandscapeLeft UIInterfaceOrientationLandscapeRight";
				LD_RUNPATH_SEARCH_PATHS = (
					"$(inherited)",
					"@executable_path/Frameworks",
				);
				MARKETING_VERSION = 1.0;
				PRODUCT_BUNDLE_IDENTIFIER = com.runnerclub.HeartbeatApp;
				PRODUCT_NAME = "$(TARGET_NAME)";
				SWIFT_EMIT_LOC_STRINGS = YES;
				SWIFT_VERSION = 5.0;
				TARGETED_DEVICE_FAMILY = "1,2";
			};
			name = Release;
		};
		A50C02502EFC412E0018B572 /* Debug */ = {
			isa = XCBuildConfiguration;
			buildSettings = {
				BUNDLE_LOADER = "$(TEST_HOST)";
				CODE_SIGN_STYLE = Automatic;
				CURRENT_PROJECT_VERSION = 1;
				DEVELOPMENT_TEAM = 5N2ALNP276;
				GENERATE_INFOPLIST_FILE = YES;
				IPHONEOS_DEPLOYMENT_TARGET = 18.2;
				MARKETING_VERSION = 1.0;
				PRODUCT_BUNDLE_IDENTIFIER = com.runnerclub.HeartbeatAppTests;
				PRODUCT_NAME = "$(TARGET_NAME)";
				SWIFT_EMIT_LOC_STRINGS = NO;
				SWIFT_VERSION = 5.0;
				TARGETED_DEVICE_FAMILY = "1,2";
				TEST_HOST = "$(BUILT_PRODUCTS_DIR)/HeartbeatApp.app/$(BUNDLE_EXECUTABLE_FOLDER_PATH)/HeartbeatApp";
			};
			name = Debug;
		};
		A50C02512EFC412E0018B572 /* Release */ = {
			isa = XCBuildConfiguration;
			buildSettings = {
				BUNDLE_LOADER = "$(TEST_HOST)";
				CODE_SIGN_STYLE = Automatic;
				CURRENT_PROJECT_VERSION = 1;
				DEVELOPMENT_TEAM = 5N2ALNP276;
				GENERATE_INFOPLIST_FILE = YES;
				IPHONEOS_DEPLOYMENT_TARGET = 18.2;
				MARKETING_VERSION = 1.0;
				PRODUCT_BUNDLE_IDENTIFIER = com.runnerclub.HeartbeatAppTests;
				PRODUCT_NAME = "$(TARGET_NAME)";
				SWIFT_EMIT_LOC_STRINGS = NO;
				SWIFT_VERSION = 5.0;
				TARGETED_DEVICE_FAMILY = "1,2";
				TEST_HOST = "$(BUILT_PRODUCTS_DIR)/HeartbeatApp.app/$(BUNDLE_EXECUTABLE_FOLDER_PATH)/HeartbeatApp";
			};
			name = Release;
		};
		A50C02532EFC412E0018B572 /* Debug */ = {
			isa = XCBuildConfiguration;
			buildSettings = {
				CODE_SIGN_STYLE = Automatic;
				CURRENT_PROJECT_VERSION = 1;
				DEVELOPMENT_TEAM = 5N2ALNP276;
				GENERATE_INFOPLIST_FILE = YES;
				MARKETING_VERSION = 1.0;
				PRODUCT_BUNDLE_IDENTIFIER = com.runnerclub.HeartbeatAppUITests;
				PRODUCT_NAME = "$(TARGET_NAME)";
				SWIFT_EMIT_LOC_STRINGS = NO;
				SWIFT_VERSION = 5.0;
				TARGETED_DEVICE_FAMILY = "1,2";
				TEST_TARGET_NAME = HeartbeatApp;
			};
			name = Debug;
		};
		A50C02542EFC412E0018B572 /* Release */ = {
			isa = XCBuildConfiguration;
			buildSettings = {
				CODE_SIGN_STYLE = Automatic;
				CURRENT_PROJECT_VERSION = 1;
				DEVELOPMENT_TEAM = 5N2ALNP276;
				GENERATE_INFOPLIST_FILE = YES;
				MARKETING_VERSION = 1.0;
				PRODUCT_BUNDLE_IDENTIFIER = com.runnerclub.HeartbeatAppUITests;
				PRODUCT_NAME = "$(TARGET_NAME)";
				SWIFT_EMIT_LOC_STRINGS = NO;
				SWIFT_VERSION = 5.0;
				TARGETED_DEVICE_FAMILY = "1,2";
				TEST_TARGET_NAME = HeartbeatApp;
			};
			name = Release;
		};
/* End XCBuildConfiguration section */

/* Begin XCConfigurationList section */
		A50C02232EFC412D0018B572 /* Build configuration list for PBXProject "HeartbeatApp" */ = {
			isa = XCConfigurationList;
			buildConfigurations = (
				A50C024A2EFC412E0018B572 /* Debug */,
				A50C024B2EFC412E0018B572 /* Release */,
			);
			defaultConfigurationIsVisible = 0;
			defaultConfigurationName = Release;
		};
		A50C024C2EFC412E0018B572 /* Build configuration list for PBXNativeTarget "HeartbeatApp" */ = {
			isa = XCConfigurationList;
			buildConfigurations = (
				A50C024D2EFC412E0018B572 /* Debug */,
				A50C024E2EFC412E0018B572 /* Release */,
			);
			defaultConfigurationIsVisible = 0;
			defaultConfigurationName = Release;
		};
		A50C024F2EFC412E0018B572 /* Build configuration list for PBXNativeTarget "HeartbeatAppTests" */ = {
			isa = XCConfigurationList;
			buildConfigurations = (
				A50C02502EFC412E0018B572 /* Debug */,
				A50C02512EFC412E0018B572 /* Release */,
			);
			defaultConfigurationIsVisible = 0;
			defaultConfigurationName = Release;
		};
		A50C02522EFC412E0018B572 /* Build configuration list for PBXNativeTarget "HeartbeatAppUITests" */ = {
			isa = XCConfigurationList;
			buildConfigurations = (
				A50C02532EFC412E0018B572 /* Debug */,
				A50C02542EFC412E0018B572 /* Release */,
			);
			defaultConfigurationIsVisible = 0;
			defaultConfigurationName = Release;
		};
/* End XCConfigurationList section */
	};
	rootObject = A50C02202EFC412D0018B572 /* Project object */;
}
